
Microsoft Visual Studio Solution File, Format Version 12.00
# Visual Studio 15
VisualStudioVersion = 15.0.27428.2027
MinimumVisualStudioVersion = 10.0.40219.1
Project("{FAE04EC0-301F-11D3-BF4B-00C04F79EFBC}") = "Languages Learning", "Languages Learning\Languages Learning.csproj", "{9021A827-FA52-4104-8D0B-D1E7D9C78FBA}"
EndProject
Global
	GlobalSection(SolutionConfigurationPlatforms) = preSolution
		Debug|Any CPU = Debug|Any CPU
		Release|Any CPU = Release|Any CPU
	EndGlobalSection
	GlobalSection(ProjectConfigurationPlatforms) = postSolution
		{9021A827-FA52-4104-8D0B-D1E7D9C78FBA}.Debug|Any CPU.ActiveCfg = Debug|Any CPU
		{9021A827-FA52-4104-8D0B-D1E7D9C78FBA}.Debug|Any CPU.Build.0 = Debug|Any CPU
		{9021A827-FA52-4104-8D0B-D1E7D9C78FBA}.Release|Any CPU.ActiveCfg = Release|Any CPU
		{9021A827-FA52-4104-8D0B-D1E7D9C78FBA}.Release|Any CPU.Build.0 = Release|Any CPU
	EndGlobalSection
	GlobalSection(SolutionProperties) = preSolution
		HideSolutionNode = FALSE
	EndGlobalSection
	GlobalSection(ExtensibilityGlobals) = postSolution
		SolutionGuid = {6F119EE6-F4AB-4CE3-ADDC-8DA4A2EECE50}
	EndGlobalSection
EndGlobal
